
Microsoft Visual Studio Solution File, Format Version 12.00
# Visual Studio 15
VisualStudioVersion = 15.0.26730.16
MinimumVisualStudioVersion = 10.0.40219.1
Project("{FAE04EC0-301F-11D3-BF4B-00C04F79EFBC}") = "Lenguajes II", "Lenguajes II\Lenguajes II.csproj", "{F2529BF0-5225-4D61-8F80-7560DFB974AF}"
EndProject
Global
	GlobalSection(SolutionConfigurationPlatforms) = preSolution
		Debug|Any CPU = Debug|Any CPU
		Release|Any CPU = Release|Any CPU
	EndGlobalSection
	GlobalSection(ProjectConfigurationPlatforms) = postSolution
		{F2529BF0-5225-4D61-8F80-7560DFB974AF}.Debug|Any CPU.ActiveCfg = Debug|Any CPU
		{F2529BF0-5225-4D61-8F80-7560DFB974AF}.Debug|Any CPU.Build.0 = Debug|Any CPU
		{F2529BF0-5225-4D61-8F80-7560DFB974AF}.Release|Any CPU.ActiveCfg = Release|Any CPU
		{F2529BF0-5225-4D61-8F80-7560DFB974AF}.Release|Any CPU.Build.0 = Release|Any CPU
	EndGlobalSection
	GlobalSection(SolutionProperties) = preSolution
		HideSolutionNode = FALSE
	EndGlobalSection
	GlobalSection(ExtensibilityGlobals) = postSolution
		SolutionGuid = {427FF231-E2E6-4FB0-A978-DE8F6B4A199F}
	EndGlobalSection
EndGlobal
